// !$*UTF8*$!
{
	archiveVersion = 1;
	classes = {
	};
	objectVersion = 46;
	objects = {

/* Begin PBXBuildFile section */
		05BDED6F200C4B2C005F9DDC /* main.m in Sources */ = {isa = PBXBuildFile; fileRef = 05BDED6E200C4B2C005F9DDC /* main.m */; };
		05BDED79200C50A7005F9DDC /* TaskManager.m in Sources */ = {isa = PBXBuildFile; fileRef = 05BDED75200C50A7005F9DDC /* TaskManager.m */; };
		05BDED7A200C50A7005F9DDC /* Task.m in Sources */ = {isa = PBXBuildFile; fileRef = 05BDED77200C50A7005F9DDC /* Task.m */; };
		05BDED7E200E0813005F9DDC /* ReportOneSecond.m in Sources */ = {isa = PBXBuildFile; fileRef = 05BDED7D200E0813005F9DDC /* ReportOneSecond.m */; };
/* End PBXBuildFile section */

/* Begin PBXCopyFilesBuildPhase section */
		05BDED69200C4B2C005F9DDC /* CopyFiles */ = {
			isa = PBXCopyFilesBuildPhase;
			buildActionMask = 2147483647;
			dstPath = /usr/share/man/man1/;
			dstSubfolderSpec = 0;
			files = (
			);
			runOnlyForDeploymentPostprocessing = 1;
		};
/* End PBXCopyFilesBuildPhase section */

/* Begin PBXFileReference section */
		05A75FD52018963E003E7B6A /* 比赛日志logs_24_16_30.txt */ = {isa = PBXFileReference; fileEncoding = 4; lastKnownFileType = text; path = "比赛日志logs_24_16_30.txt"; sourceTree = "<group>"; };
		05A75FD62018969C003E7B6A /* run.sh */ = {isa = PBXFileReference; fileEncoding = 4; lastKnownFileType = text.script.sh; path = run.sh; sourceTree = "<group>"; };
		05BDED6B200C4B2C005F9DDC /* Hello_51_World */ = {isa = PBXFileReference; explicitFileType = "compiled.mach-o.executable"; includeInIndex = 0; path = Hello_51_World; sourceTree = BUILT_PRODUCTS_DIR; };
		05BDED6E200C4B2C005F9DDC /* main.m */ = {isa = PBXFileReference; lastKnownFileType = sourcecode.c.objc; path = main.m; sourceTree = "<group>"; };
		05BDED75200C50A7005F9DDC /* TaskManager.m */ = {isa = PBXFileReference; fileEncoding = 4; lastKnownFileType = sourcecode.c.objc; path = TaskManager.m; sourceTree = "<group>"; };
		05BDED76200C50A7005F9DDC /* TaskManager.h */ = {isa = PBXFileReference; fileEncoding = 4; lastKnownFileType = sourcecode.c.h; path = TaskManager.h; sourceTree = "<group>"; };
		05BDED77200C50A7005F9DDC /* Task.m */ = {isa = PBXFileReference; fileEncoding = 4; lastKnownFileType = sourcecode.c.objc; path = Task.m; sourceTree = "<group>"; };
		05BDED78200C50A7005F9DDC /* Task.h */ = {isa = PBXFileReference; fileEncoding = 4; lastKnownFileType = sourcecode.c.h; path = Task.h; sourceTree = "<group>"; };
		05BDED7B200C50E6005F9DDC /* config.json */ = {isa = PBXFileReference; fileEncoding = 4; lastKnownFileType = text.json; path = config.json; sourceTree = "<group>"; };
		05BDED7C200E0813005F9DDC /* ReportOneSecond.h */ = {isa = PBXFileReference; fileEncoding = 4; lastKnownFileType = sourcecode.c.h; path = ReportOneSecond.h; sourceTree = "<group>"; };
		05BDED7D200E0813005F9DDC /* ReportOneSecond.m */ = {isa = PBXFileReference; fileEncoding = 4; lastKnownFileType = sourcecode.c.objc; path = ReportOneSecond.m; sourceTree = "<group>"; };
/* End PBXFileReference section */

/* Begin PBXFrameworksBuildPhase section */
		05BDED68200C4B2C005F9DDC /* Frameworks */ = {
			isa = PBXFrameworksBuildPhase;
			buildActionMask = 2147483647;
			files = (
			);
			runOnlyForDeploymentPostprocessing = 0;
		};
/* End PBXFrameworksBuildPhase section */

/* Begin PBXGroup section */
		05BDED62200C4B2C005F9DDC = {
			isa = PBXGroup;
			children = (
				05BDED6D200C4B2C005F9DDC /* Hello_51_World */,
				05BDED6C200C4B2C005F9DDC /* Products */,
			);
			sourceTree = "<group>";
		};
		05BDED6C200C4B2C005F9DDC /* Products */ = {
			isa = PBXGroup;
			children = (
				05BDED6B200C4B2C005F9DDC /* Hello_51_World */,
			);
			name = Products;
			sourceTree = "<group>";
		};
		05BDED6D200C4B2C005F9DDC /* Hello_51_World */ = {
			isa = PBXGroup;
			children = (
				05A75FD62018969C003E7B6A /* run.sh */,
				05A75FD52018963E003E7B6A /* 比赛日志logs_24_16_30.txt */,
				05BDED7B200C50E6005F9DDC /* config.json */,
				05BDED6E200C4B2C005F9DDC /* main.m */,
				05BDED75200C50A7005F9DDC /* TaskManager.m */,
				05BDED76200C50A7005F9DDC /* TaskManager.h */,
				05BDED77200C50A7005F9DDC /* Task.m */,
				05BDED78200C50A7005F9DDC /* Task.h */,
				05BDED7C200E0813005F9DDC /* ReportOneSecond.h */,
				05BDED7D200E0813005F9DDC /* ReportOneSecond.m */,
			);
			path = Hello_51_World;
			sourceTree = "<group>";
		};
/* End PBXGroup section */

/* Begin PBXNativeTarget section */
		05BDED6A200C4B2C005F9DDC /* Hello_51_World */ = {
			isa = PBXNativeTarget;
			buildConfigurationList = 05BDED72200C4B2C005F9DDC /* Build configuration list for PBXNativeTarget "Hello_51_World" */;
			buildPhases = (
				05BDED67200C4B2C005F9DDC /* Sources */,
				05BDED68200C4B2C005F9DDC /* Frameworks */,
				05BDED69200C4B2C005F9DDC /* CopyFiles */,
			);
			buildRules = (
			);
			dependencies = (
			);
			name = Hello_51_World;
			productName = Hello_51_World;
			productReference = 05BDED6B200C4B2C005F9DDC /* Hello_51_World */;
			productType = "com.apple.product-type.tool";
		};
/* End PBXNativeTarget section */

/* Begin PBXProject section */
		05BDED63200C4B2C005F9DDC /* Project object */ = {
			isa = PBXProject;
			attributes = {
				LastUpgradeCheck = 0830;
				ORGANIZATIONNAME = YacolMobile;
				TargetAttributes = {
					05BDED6A200C4B2C005F9DDC = {
						CreatedOnToolsVersion = 8.3.2;
						ProvisioningStyle = Automatic;
					};
				};
			};
			buildConfigurationList = 05BDED66200C4B2C005F9DDC /* Build configuration list for PBXProject "Hello_51_World" */;
			compatibilityVersion = "Xcode 3.2";
			developmentRegion = English;
			hasScannedForEncodings = 0;
			knownRegions = (
				en,
			);
			mainGroup = 05BDED62200C4B2C005F9DDC;
			productRefGroup = 05BDED6C200C4B2C005F9DDC /* Products */;
			projectDirPath = "";
			projectRoot = "";
			targets = (
				05BDED6A200C4B2C005F9DDC /* Hello_51_World */,
			);
		};
/* End PBXProject section */

/* Begin PBXSourcesBuildPhase section */
		05BDED67200C4B2C005F9DDC /* Sources */ = {
			isa = PBXSourcesBuildPhase;
			buildActionMask = 2147483647;
			files = (
				05BDED79200C50A7005F9DDC /* TaskManager.m in Sources */,
				05BDED7A200C50A7005F9DDC /* Task.m in Sources */,
				05BDED7E200E0813005F9DDC /* ReportOneSecond.m in Sources */,
				05BDED6F200C4B2C005F9DDC /* main.m in Sources */,
			);
			runOnlyForDeploymentPostprocessing = 0;
		};
/* End PBXSourcesBuildPhase section */

/* Begin XCBuildConfiguration section */
		05BDED70200C4B2C005F9DDC /* Debug */ = {
			isa = XCBuildConfiguration;
			buildSettings = {
				ALWAYS_SEARCH_USER_PATHS = NO;
				CLANG_ANALYZER_NONNULL = YES;
				CLANG_ANALYZER_NUMBER_OBJECT_CONVERSION = YES_AGGRESSIVE;
				CLANG_CXX_LANGUAGE_STANDARD = "gnu++0x";
				CLANG_CXX_LIBRARY = "libc++";
				CLANG_ENABLE_MODULES = YES;
				CLANG_ENABLE_OBJC_ARC = YES;
				CLANG_WARN_BOOL_CONVERSION = YES;
				CLANG_WARN_CONSTANT_CONVERSION = YES;
				CLANG_WARN_DIRECT_OBJC_ISA_USAGE = YES_ERROR;
				CLANG_WARN_DOCUMENTATION_COMMENTS = YES;
				CLANG_WARN_EMPTY_BODY = YES;
				CLANG_WARN_ENUM_CONVERSION = YES;
				CLANG_WARN_INFINITE_RECURSION = YES;
				CLANG_WARN_INT_CONVERSION = YES;
				CLANG_WARN_OBJC_ROOT_CLASS = YES_ERROR;
				CLANG_WARN_SUSPICIOUS_MOVE = YES;
				CLANG_WARN_UNREACHABLE_CODE = YES;
				CLANG_WARN__DUPLICATE_METHOD_MATCH = YES;
				CODE_SIGN_IDENTITY = "-";
				COPY_PHASE_STRIP = NO;
				DEBUG_INFORMATION_FORMAT = dwarf;
				ENABLE_STRICT_OBJC_MSGSEND = YES;
				ENABLE_TESTABILITY = YES;
				GCC_C_LANGUAGE_STANDARD = gnu99;
				GCC_DYNAMIC_NO_PIC = NO;
				GCC_NO_COMMON_BLOCKS = YES;
				GCC_OPTIMIZATION_LEVEL = 0;
				GCC_PREPROCESSOR_DEFINITIONS = (
					"DEBUG=1",
					"$(inherited)",
				);
				GCC_WARN_64_TO_32_BIT_CONVERSION = YES;
				GCC_WARN_ABOUT_RETURN_TYPE = YES_ERROR;
				GCC_WARN_UNDECLARED_SELECTOR = YES;
				GCC_WARN_UNINITIALIZED_AUTOS = YES_AGGRESSIVE;
				GCC_WARN_UNUSED_FUNCTION = YES;
				GCC_WARN_UNUSED_VARIABLE = YES;
				MACOSX_DEPLOYMENT_TARGET = 10.12;
				MTL_ENABLE_DEBUG_INFO = YES;
				ONLY_ACTIVE_ARCH = YES;
				SDKROOT = macosx;
			};
			name = Debug;
		};
		05BDED71200C4B2C005F9DDC /* Release */ = {
			isa = XCBuildConfiguration;
			buildSettings = {
				ALWAYS_SEARCH_USER_PATHS = NO;
				CLANG_ANALYZER_NONNULL = YES;
				CLANG_ANALYZER_NUMBER_OBJECT_CONVERSION = YES_AGGRESSIVE;
				CLANG_CXX_LANGUAGE_STANDARD = "gnu++0x";
				CLANG_CXX_LIBRARY = "libc++";
				CLANG_ENABLE_MODULES = YES;
				CLANG_ENABLE_OBJC_ARC = YES;
				CLANG_WARN_BOOL_CONVERSION = YES;
				CLANG_WARN_CONSTANT_CONVERSION = YES;
				CLANG_WARN_DIRECT_OBJC_ISA_USAGE = YES_ERROR;
				CLANG_WARN_DOCUMENTATION_COMMENTS = YES;
				CLANG_WARN_EMPTY_BODY = YES;
				CLANG_WARN_ENUM_CONVERSION = YES;
				CLANG_WARN_INFINITE_RECURSION = YES;
				CLANG_WARN_INT_CONVERSION = YES;
				CLANG_WARN_OBJC_ROOT_CLASS = YES_ERROR;
				CLANG_WARN_SUSPICIOUS_MOVE = YES;
				CLANG_WARN_UNREACHABLE_CODE = YES;
				CLANG_WARN__DUPLICATE_METHOD_MATCH = YES;
				CODE_SIGN_IDENTITY = "-";
				COPY_PHASE_STRIP = NO;
				DEBUG_INFORMATION_FORMAT = "dwarf-with-dsym";
				ENABLE_NS_ASSERTIONS = NO;
				ENABLE_STRICT_OBJC_MSGSEND = YES;
				GCC_C_LANGUAGE_STANDARD = gnu99;
				GCC_NO_COMMON_BLOCKS = YES;
				GCC_WARN_64_TO_32_BIT_CONVERSION = YES;
				GCC_WARN_ABOUT_RETURN_TYPE = YES_ERROR;
				GCC_WARN_UNDECLARED_SELECTOR = YES;
				GCC_WARN_UNINITIALIZED_AUTOS = YES_AGGRESSIVE;
				GCC_WARN_UNUSED_FUNCTION = YES;
				GCC_WARN_UNUSED_VARIABLE = YES;
				MACOSX_DEPLOYMENT_TARGET = 10.12;
				MTL_ENABLE_DEBUG_INFO = NO;
				SDKROOT = macosx;
			};
			name = Release;
		};
		05BDED73200C4B2C005F9DDC /* Debug */ = {
			isa = XCBuildConfiguration;
			buildSettings = {
				PRODUCT_NAME = "$(TARGET_NAME)";
			};
			name = Debug;
		};
		05BDED74200C4B2C005F9DDC /* Release */ = {
			isa = XCBuildConfiguration;
			buildSettings = {
				PRODUCT_NAME = "$(TARGET_NAME)";
			};
			name = Release;
		};
/* End XCBuildConfiguration section */

/* Begin XCConfigurationList section */
		05BDED66200C4B2C005F9DDC /* Build configuration list for PBXProject "Hello_51_World" */ = {
			isa = XCConfigurationList;
			buildConfigurations = (
				05BDED70200C4B2C005F9DDC /* Debug */,
				05BDED71200C4B2C005F9DDC /* Release */,
			);
			defaultConfigurationIsVisible = 0;
			defaultConfigurationName = Release;
		};
		05BDED72200C4B2C005F9DDC /* Build configuration list for PBXNativeTarget "Hello_51_World" */ = {
			isa = XCConfigurationList;
			buildConfigurations = (
				05BDED73200C4B2C005F9DDC /* Debug */,
				05BDED74200C4B2C005F9DDC /* Release */,
			);
			defaultConfigurationIsVisible = 0;
			defaultConfigurationName = Release;
		};
/* End XCConfigurationList section */
	};
	rootObject = 05BDED63200C4B2C005F9DDC /* Project object */;
}
